
Microsoft Visual Studio Solution File, Format Version 12.00
# Visual Studio Version 17
VisualStudioVersion = 17.13.35806.99 d17.13
MinimumVisualStudioVersion = 10.0.40219.1
Project("{FAE04EC0-301F-11D3-BF4B-00C04F79EFBC}") = "HallEase", "HallEase\HallEase.csproj", "{24F7D7B3-0242-427C-BF46-5816C1B375D4}"
EndProject
Global
	GlobalSection(SolutionConfigurationPlatforms) = preSolution
		Debug|Any CPU = Debug|Any CPU
		Release|Any CPU = Release|Any CPU
	EndGlobalSection
	GlobalSection(ProjectConfigurationPlatforms) = postSolution
		{24F7D7B3-0242-427C-BF46-5816C1B375D4}.Debug|Any CPU.ActiveCfg = Debug|Any CPU
		{24F7D7B3-0242-427C-BF46-5816C1B375D4}.Debug|Any CPU.Build.0 = Debug|Any CPU
		{24F7D7B3-0242-427C-BF46-5816C1B375D4}.Release|Any CPU.ActiveCfg = Release|Any CPU
		{24F7D7B3-0242-427C-BF46-5816C1B375D4}.Release|Any CPU.Build.0 = Release|Any CPU
	EndGlobalSection
	GlobalSection(SolutionProperties) = preSolution
		HideSolutionNode = FALSE
	EndGlobalSection
	GlobalSection(ExtensibilityGlobals) = postSolution
		SolutionGuid = {3A0FE85A-AED6-4CFA-B7C4-3FFB6255ADD6}
	EndGlobalSection
EndGlobal
